<?xml version="1.0" encoding="utf-8"?>
<Project ToolsVersion="4.0" xmlns="http://schemas.microsoft.com/developer/msbuild/2003">
  <ItemGroup>
    <Filter Include="Engine">
      <UniqueIdentifier>{508C75DB-C3A7-5D6A-A635-82797D232D0C}</UniqueIdentifier>
    </Filter>
    <Filter Include="Client">
      <UniqueIdentifier>{41C53174-9D83-505F-B69B-6EF37A63BCF0}</UniqueIdentifier>
    </Filter>
    <Filter Include="Client\Scene">
      <UniqueIdentifier>{7A2E5B1C-4F3D-4A2B-9E1F-1C2D3E4F5A6B}</UniqueIdentifier>
    </Filter>
    <Filter Include="Client\UI">
      <UniqueIdentifier>{8B3F6C2D-5A4E-4B3C-AF20-2D3E4F5A6B7C}</UniqueIdentifier>
    </Filter>
    <Filter Include="Client\Core">
      <UniqueIdentifier>{1B2C3D4E-5F60-4A1B-8C2D-3E4F5A6B7C8D}</UniqueIdentifier>
    </Filter>
    <Filter Include="Client\Object">
      <UniqueIdentifier>{2C3D4E5F-6071-4B2C-9D3E-4F5A6B7C8D9E}</UniqueIdentifier>
    </Filter>
    <Filter Include="Client\Map">
      <UniqueIdentifier>{3D4E5F60-7182-4C3D-AE4F-5A6B7C8D9E0F}</UniqueIdentifier>
    </Filter>
    <Filter Include="Client\Algorithm">
      <UniqueIdentifier>{4E5F6071-8293-4D4E-BF50-6B7C8D9E0F1A}</UniqueIdentifier>
    </Filter>
    <Filter Include="Engine\Graphics">
      <UniqueIdentifier>{5F607182-93A4-4E5F-C061-7C8D9E0F1A2B}</UniqueIdentifier>
    </Filter>
    <Filter Include="Engine\UI">
      <UniqueIdentifier>{60718293-A4B5-4F60-D172-8D9E0F1A2B3C}</UniqueIdentifier>
    </Filter>
    <Filter Include="Engine\Core">
      <UniqueIdentifier>{71829304-B5C6-4061-E283-9E0F1A2B3C4D}</UniqueIdentifier>
    </Filter>
    <Filter Include="Engine\Manager">
      <UniqueIdentifier>{82930415-C6D7-4172-F394-0F1A2B3C4D5E}</UniqueIdentifier>
    </Filter>
    <Filter Include="Engine\Collision">
      <UniqueIdentifier>{93041526-D7E8-4283-0405-1A2B3C4D5E6F}</UniqueIdentifier>
    </Filter>
    <Filter Include="Common">
      <UniqueIdentifier>{3AA37105-127E-5634-A212-952AE06BE39B}</UniqueIdentifier>
    </Filter>
    <Filter Include="Resource Files">
      <UniqueIdentifier>{0405D28D-2AAB-5D79-9AFE-BD29F4E28082}</UniqueIdentifier>
      <Extensions>rc;ico;cur;bmp;dlg;rc2;rct;bin;rgs;gif;jpg;jpeg;jpe;resx;tiff;tif;png;wav;mfcribbon-ms</Extensions>
    </Filter>
  </ItemGroup>
  <ItemGroup>
    <ClInclude Include="Engine\Core\Actor.h">
      <Filter>Engine\Core</Filter>
    </ClInclude>
    <ClInclude Include="Engine\Core\Grid.h">
      <Filter>Engine\Core</Filter>
    </ClInclude>
    <ClInclude Include="Engine\Core\Scene.h">
      <Filter>Engine\Core</Filter>
    </ClInclude>
    <ClInclude Include="Engine\Graphics\Graphic.h">
      <Filter>Engine\Graphics</Filter>
    </ClInclude>
    <ClInclude Include="Engine\Graphics\Image.h">
      <Filter>Engine\Graphics</Filter>
    </ClInclude>
    <ClInclude Include="Engine\Graphics\SpriteBaker.h">
      <Filter>Engine\Graphics</Filter>
    </ClInclude>
    <ClInclude Include="Engine\Core\MovableActor.h">
      <Filter>Engine\Core</Filter>
    </ClInclude>
    <ClInclude Include="Engine\Core\ObjectPool.h">
      <Filter>Engine\Core</Filter>
    </ClInclude>
    <ClInclude Include="Engine\UI\Widget.h">
      <Filter>Engine\UI</Filter>
    </ClInclude>
    <ClInclude Include="Engine\UI\UIButton.h">
      <Filter>Engine\UI</Filter>
    </ClInclude>
    <ClInclude Include="Engine\Manager\UIManager.h">
      <Filter>Engine\Manager</Filter>
    </ClInclude>
    <ClInclude Include="Client\UI\GameSceneUI.h">
      <Filter>Client\UI</Filter>
    </ClInclude>
    <ClInclude Include="Engine\Manager\InputManager.h">
      <Filter>Engine\Manager</Filter>
    </ClInclude>
    <ClInclude Include="Engine\Manager\ResourceManager.h">
      <Filter>Engine\Manager</Filter>
    </ClInclude>
    <ClInclude Include="Engine\Manager\SceneManager.h">
      <Filter>Engine\Manager</Filter>
    </ClInclude>
    <ClInclude Include="Engine\Core\Singleton.h">
      <Filter>Engine\Core</Filter>
    </ClInclude>
    <ClInclude Include="Engine\Graphics\SpriteAtlas.h">
      <Filter>Engine\Graphics</Filter>
    </ClInclude>
    <ClInclude Include="Engine\Manager\TimeManager.h">
      <Filter>Engine\Manager</Filter>
    </ClInclude>
    <ClInclude Include="Client\Object\Bloon.h">
      <Filter>Client\Object</Filter>
    </ClInclude>
    <ClInclude Include="Client\Object\BloonType.h">
      <Filter>Client\Object</Filter>
    </ClInclude>
    <ClInclude Include="Client\Object\BloonFactory.h">
      <Filter>Client\Object</Filter>
    </ClInclude>
    <ClInclude Include="Client\Object\TowerType.h">
      <Filter>Client\Object</Filter>
    </ClInclude>
    <ClInclude Include="Client\Object\TowerFactory.h">
      <Filter>Client\Object</Filter>
    </ClInclude>
    <ClInclude Include="Client\Object\TowerFireBehavior.h">
      <Filter>Client\Object</Filter>
    </ClInclude>
    <ClInclude Include="Client\Object\WaveManager.h">
      <Filter>Client\Object</Filter>
    </ClInclude>
    <ClInclude Include="Client\Object\ProjectileFactory.h">
      <Filter>Client\Object</Filter>
    </ClInclude>
    <ClInclude Include="Client\Object\BloonPopResolver.h">
      <Filter>Client\Object</Filter>
    </ClInclude>
    <ClInclude Include="Client\Map\TileMap.h">
      <Filter>Client\Map</Filter>
    </ClInclude>
    <ClInclude Include="Client\Map\MapSystem.h">
      <Filter>Client\Map</Filter>
    </ClInclude>
    <ClInclude Include="Client\Algorithm\PathFinder.h">
      <Filter>Client\Algorithm</Filter>
    </ClInclude>
    <ClInclude Include="Client\Core\Game.h">
      <Filter>Client\Core</Filter>
    </ClInclude>
    <ClInclude Include="Client\Core\EconomyManager.h">
      <Filter>Client\Core</Filter>
    </ClInclude>
    <ClInclude Include="Client\Core\HealthManager.h">
      <Filter>Client\Core</Filter>
    </ClInclude>
    <ClInclude Include="Client\Scene\GameScene.h">
      <Filter>Client\Scene</Filter>
    </ClInclude>
    <ClInclude Include="Client\Scene\MainScene.h">
      <Filter>Client\Scene</Filter>
    </ClInclude>
    <ClInclude Include="Client\Scene\LobbyScene.h">
      <Filter>Client\Scene</Filter>
    </ClInclude>
    <ClInclude Include="Client\Object\Projectile.h">
      <Filter>Client\Object</Filter>
    </ClInclude>
    <ClInclude Include="Client\Object\Tower.h">
      <Filter>Client\Object</Filter>
    </ClInclude>
    <ClInclude Include="Client\Object\Obstacle.h">
      <Filter>Client\Object</Filter>
    </ClInclude>
    <ClInclude Include="Client\Object\ObstacleType.h">
      <Filter>Client\Object</Filter>
    </ClInclude>
    <ClInclude Include="Client\Object\ObstacleFactory.h">
      <Filter>Client\Object</Filter>
    </ClInclude>
    <ClInclude Include="Client\Core\TowerDefense.h">
      <Filter>Client\Core</Filter>
    </ClInclude>
    <ClInclude Include="Common\framework.h">
      <Filter>Common</Filter>
    </ClInclude>
    <ClInclude Include="Common\pch.h">
      <Filter>Common</Filter>
    </ClInclude>
    <ClInclude Include="Common\Resource.h">
      <Filter>Common</Filter>
    </ClInclude>
    <ClInclude Include="Common\targetver.h">
      <Filter>Common</Filter>
    </ClInclude>
    <ClInclude Include="Common\Util.h">
      <Filter>Common</Filter>
    </ClInclude>
    <ClInclude Include="Engine\Collision\Collider.h">
      <Filter>Engine\Collision</Filter>
    </ClInclude>
    <ClInclude Include="Engine\Collision\ColliderCircle.h">
      <Filter>Engine\Collision</Filter>
    </ClInclude>
    <ClInclude Include="Engine\Collision\ColliderEllipse.h">
      <Filter>Engine\Collision</Filter>
    </ClInclude>
    <ClInclude Include="Engine\Collision\CollisionManager.h">
      <Filter>Engine\Collision</Filter>
    </ClInclude>
    <ClInclude Include="Client\Object\PoolManager.h">
      <Filter>Client\Object</Filter>
    </ClInclude>
    <ClInclude Include="Common\External\json.hpp">
      <Filter>Common</Filter>
    </ClInclude>
    <ClInclude Include="Client\Scene\EditorScene.h">
      <Filter>Client\Scene</Filter>
    </ClInclude>
  </ItemGroup>
  <ItemGroup>
    <ClCompile Include="Engine\Core\Actor.cpp">
      <Filter>Engine\Core</Filter>
    </ClCompile>
    <ClCompile Include="Engine\Core\Grid.cpp">
      <Filter>Engine\Core</Filter>
    </ClCompile>
    <ClCompile Include="Engine\Core\Scene.cpp">
      <Filter>Engine\Core</Filter>
    </ClCompile>
    <ClCompile Include="Engine\Graphics\Graphic.cpp">
      <Filter>Engine\Graphics</Filter>
    </ClCompile>
    <ClCompile Include="Engine\Graphics\Image.cpp">
      <Filter>Engine\Graphics</Filter>
    </ClCompile>
    <ClCompile Include="Engine\Graphics\SpriteBaker.cpp">
      <Filter>Engine\Graphics</Filter>
    </ClCompile>
    <ClCompile Include="Engine\Core\MovableActor.cpp">
      <Filter>Engine\Core</Filter>
    </ClCompile>
    <ClCompile Include="Engine\UI\Widget.cpp">
      <Filter>Engine\UI</Filter>
    </ClCompile>
    <ClCompile Include="Engine\UI\UIButton.cpp">
      <Filter>Engine\UI</Filter>
    </ClCompile>
    <ClCompile Include="Engine\Manager\UIManager.cpp">
      <Filter>Engine\Manager</Filter>
    </ClCompile>
    <ClCompile Include="Client\UI\GameSceneUI.cpp">
      <Filter>Client\UI</Filter>
    </ClCompile>
    <ClCompile Include="Engine\Manager\InputManager.cpp">
      <Filter>Engine\Manager</Filter>
    </ClCompile>
    <ClCompile Include="Engine\Manager\ResourceManager.cpp">
      <Filter>Engine\Manager</Filter>
    </ClCompile>
    <ClCompile Include="Engine\Manager\SceneManager.cpp">
      <Filter>Engine\Manager</Filter>
    </ClCompile>
    <ClCompile Include="Engine\Graphics\SpriteAtlas.cpp">
      <Filter>Engine\Graphics</Filter>
    </ClCompile>
    <ClCompile Include="Engine\Manager\TimeManager.cpp">
      <Filter>Engine\Manager</Filter>
    </ClCompile>
    <ClCompile Include="Client\Object\Bloon.cpp">
      <Filter>Client\Object</Filter>
    </ClCompile>
    <ClCompile Include="Client\Object\BloonFactory.cpp">
      <Filter>Client\Object</Filter>
    </ClCompile>
    <ClCompile Include="Client\Object\WaveManager.cpp">
      <Filter>Client\Object</Filter>
    </ClCompile>
    <ClCompile Include="Client\Object\ProjectileFactory.cpp">
      <Filter>Client\Object</Filter>
    </ClCompile>
    <ClCompile Include="Client\Object\BloonPopResolver.cpp">
      <Filter>Client\Object</Filter>
    </ClCompile>
    <ClCompile Include="Client\Map\TileMap.cpp">
      <Filter>Client\Map</Filter>
    </ClCompile>
    <ClCompile Include="Client\Map\MapSystem.cpp">
      <Filter>Client\Map</Filter>
    </ClCompile>
    <ClCompile Include="Client\Algorithm\PathFinder.cpp">
      <Filter>Client\Algorithm</Filter>
    </ClCompile>
    <ClCompile Include="Client\Core\Game.cpp">
      <Filter>Client\Core</Filter>
    </ClCompile>
    <ClCompile Include="Client\Core\EconomyManager.cpp">
      <Filter>Client\Core</Filter>
    </ClCompile>
    <ClCompile Include="Client\Core\HealthManager.cpp">
      <Filter>Client\Core</Filter>
    </ClCompile>
    <ClCompile Include="Client\Scene\GameScene.cpp">
      <Filter>Client\Scene</Filter>
    </ClCompile>
    <ClCompile Include="Client\Scene\MainScene.cpp">
      <Filter>Client\Scene</Filter>
    </ClCompile>
    <ClCompile Include="Client\Scene\LobbyScene.cpp">
      <Filter>Client\Scene</Filter>
    </ClCompile>
    <ClCompile Include="Client\Object\Projectile.cpp">
      <Filter>Client\Object</Filter>
    </ClCompile>
    <ClCompile Include="Client\Object\Tower.cpp">
      <Filter>Client\Object</Filter>
    </ClCompile>
    <ClCompile Include="Client\Object\TowerType.cpp">
      <Filter>Client\Object</Filter>
    </ClCompile>
    <ClCompile Include="Client\Object\TowerFactory.cpp">
      <Filter>Client\Object</Filter>
    </ClCompile>
    <ClCompile Include="Client\Object\TowerFireBehavior.cpp">
      <Filter>Client\Object</Filter>
    </ClCompile>
    <ClCompile Include="Client\Object\Obstacle.cpp">
      <Filter>Client\Object</Filter>
    </ClCompile>
    <ClCompile Include="Client\Object\ObstacleType.cpp">
      <Filter>Client\Object</Filter>
    </ClCompile>
    <ClCompile Include="Client\Object\ObstacleFactory.cpp">
      <Filter>Client\Object</Filter>
    </ClCompile>
    <ClCompile Include="Client\Core\TowerDefense.cpp">
      <Filter>Client\Core</Filter>
    </ClCompile>
    <ClCompile Include="Common\pch.cpp">
      <Filter>Common</Filter>
      <PrecompiledHeader Condition="'$(Configuration)|$(Platform)'=='Debug|x64'">Create</PrecompiledHeader>
      <PrecompiledHeaderFile Condition="'$(Configuration)|$(Platform)'=='Debug|x64'">pch.h</PrecompiledHeaderFile>
    </ClCompile>
    <ClCompile Include="Common\Util.cpp">
      <Filter>Common</Filter>
    </ClCompile>
    <ClCompile Include="Engine\Collision\Collider.cpp">
      <Filter>Engine\Collision</Filter>
    </ClCompile>
    <ClCompile Include="Engine\Collision\ColliderCircle.cpp">
      <Filter>Engine\Collision</Filter>
    </ClCompile>
    <ClCompile Include="Engine\Collision\ColliderEllipse.cpp">
      <Filter>Engine\Collision</Filter>
    </ClCompile>
    <ClCompile Include="Engine\Collision\CollisionManager.cpp">
      <Filter>Engine\Collision</Filter>
    </ClCompile>
    <ClCompile Include="Client\Object\PoolManager.cpp">
      <Filter>Client\Object</Filter>
    </ClCompile>
    <ClCompile Include="Client\Object\BloonType.cpp">
      <Filter>Client\Object</Filter>
    </ClCompile>
    <ClCompile Include="Client\Scene\EditorScene.cpp">
      <Filter>Client\Scene</Filter>
    </ClCompile>
  </ItemGroup>
  <ItemGroup>
    <ResourceCompile Include="TowerDefense.rc">
      <Filter>Resource Files</Filter>
    </ResourceCompile>
  </ItemGroup>
  <ItemGroup>
    <Image Include="small.ico">
      <Filter>Resource Files</Filter>
    </Image>
    <Image Include="TowerDefense.ico">
      <Filter>Resource Files</Filter>
    </Image>
  </ItemGroup>
  <ItemGroup>
    <None Include="CLAUDE.md" />
    <None Include=".claude\coding-convention.md" />
    <None Include=".claude\commit-convention.md" />
    <None Include=".claude\plan.md" />
    <None Include=".claude\weekly-plan.md" />
  </ItemGroup>
</Project>